// !$*UTF8*$!
{
	archiveVersion = 1;
	classes = {
	};
	objectVersion = 50;
	objects = {

/* Begin PBXBuildFile section */
		693FBB882266453300688730 /* OrderTableViewController.swift in Sources */ = {isa = PBXBuildFile; fileRef = 693FBB872266453300688730 /* OrderTableViewController.swift */; };
		693FBB8A226647A400688730 /* CellManager.swift in Sources */ = {isa = PBXBuildFile; fileRef = 693FBB89226647A400688730 /* CellManager.swift */; };
		693FBB8C226654E600688730 /* OrderConfirmationViewController.swift in Sources */ = {isa = PBXBuildFile; fileRef = 693FBB8B226654E600688730 /* OrderConfirmationViewController.swift */; };
		69A5B6C9225D0B6900E20230 /* AppDelegate.swift in Sources */ = {isa = PBXBuildFile; fileRef = 69A5B6C8225D0B6900E20230 /* AppDelegate.swift */; };
		69A5B6CB225D0B6900E20230 /* ViewController.swift in Sources */ = {isa = PBXBuildFile; fileRef = 69A5B6CA225D0B6900E20230 /* ViewController.swift */; };
		69A5B6CE225D0B6900E20230 /* Main.storyboard in Resources */ = {isa = PBXBuildFile; fileRef = 69A5B6CC225D0B6900E20230 /* Main.storyboard */; };
		69A5B6D0225D0B6F00E20230 /* Assets.xcassets in Resources */ = {isa = PBXBuildFile; fileRef = 69A5B6CF225D0B6F00E20230 /* Assets.xcassets */; };
		69A5B6D3225D0B6F00E20230 /* LaunchScreen.storyboard in Resources */ = {isa = PBXBuildFile; fileRef = 69A5B6D1225D0B6F00E20230 /* LaunchScreen.storyboard */; };
		69A5B6E0225D0CD100E20230 /* MenuItem.swift in Sources */ = {isa = PBXBuildFile; fileRef = 69A5B6DF225D0CD000E20230 /* MenuItem.swift */; };
		69A5B6E2225D0F9800E20230 /* MenuItems.swift in Sources */ = {isa = PBXBuildFile; fileRef = 69A5B6E1225D0F9800E20230 /* MenuItems.swift */; };
		69A5B6E4225D0FFC00E20230 /* Categories.swift in Sources */ = {isa = PBXBuildFile; fileRef = 69A5B6E3225D0FFC00E20230 /* Categories.swift */; };
		69A5B6E6225D119C00E20230 /* Order.swift in Sources */ = {isa = PBXBuildFile; fileRef = 69A5B6E5225D119C00E20230 /* Order.swift */; };
		69A5B6E8225D128E00E20230 /* PreparationTime.swift in Sources */ = {isa = PBXBuildFile; fileRef = 69A5B6E7225D128E00E20230 /* PreparationTime.swift */; };
		69A5B6EA225D138900E20230 /* MenuController.swift in Sources */ = {isa = PBXBuildFile; fileRef = 69A5B6E9225D138900E20230 /* MenuController.swift */; };
		69CFB909226101E1006C9B08 /* CategoryTableViewController.swift in Sources */ = {isa = PBXBuildFile; fileRef = 69CFB908226101E1006C9B08 /* CategoryTableViewController.swift */; };
		69CFB90C22610223006C9B08 /* MenuTableViewController.swift in Sources */ = {isa = PBXBuildFile; fileRef = 69CFB90B22610223006C9B08 /* MenuTableViewController.swift */; };
		69CFB90E22610273006C9B08 /* MenuItemDetailViewController.swift in Sources */ = {isa = PBXBuildFile; fileRef = 69CFB90D22610273006C9B08 /* MenuItemDetailViewController.swift */; };
/* End PBXBuildFile section */

/* Begin PBXFileReference section */
		693FBB872266453300688730 /* OrderTableViewController.swift */ = {isa = PBXFileReference; lastKnownFileType = sourcecode.swift; path = OrderTableViewController.swift; sourceTree = "<group>"; };
		693FBB89226647A400688730 /* CellManager.swift */ = {isa = PBXFileReference; lastKnownFileType = sourcecode.swift; path = CellManager.swift; sourceTree = "<group>"; };
		693FBB8B226654E600688730 /* OrderConfirmationViewController.swift */ = {isa = PBXFileReference; lastKnownFileType = sourcecode.swift; path = OrderConfirmationViewController.swift; sourceTree = "<group>"; };
		69A5B6C5225D0B6900E20230 /* Restaurant 2019.04.app */ = {isa = PBXFileReference; explicitFileType = wrapper.application; includeInIndex = 0; path = "Restaurant 2019.04.app"; sourceTree = BUILT_PRODUCTS_DIR; };
		69A5B6C8225D0B6900E20230 /* AppDelegate.swift */ = {isa = PBXFileReference; lastKnownFileType = sourcecode.swift; path = AppDelegate.swift; sourceTree = "<group>"; };
		69A5B6CA225D0B6900E20230 /* ViewController.swift */ = {isa = PBXFileReference; lastKnownFileType = sourcecode.swift; path = ViewController.swift; sourceTree = "<group>"; };
		69A5B6CD225D0B6900E20230 /* Base */ = {isa = PBXFileReference; lastKnownFileType = file.storyboard; name = Base; path = Base.lproj/Main.storyboard; sourceTree = "<group>"; };
		69A5B6CF225D0B6F00E20230 /* Assets.xcassets */ = {isa = PBXFileReference; lastKnownFileType = folder.assetcatalog; path = Assets.xcassets; sourceTree = "<group>"; };
		69A5B6D2225D0B6F00E20230 /* Base */ = {isa = PBXFileReference; lastKnownFileType = file.storyboard; name = Base; path = Base.lproj/LaunchScreen.storyboard; sourceTree = "<group>"; };
		69A5B6D4225D0B6F00E20230 /* Info.plist */ = {isa = PBXFileReference; lastKnownFileType = text.plist.xml; path = Info.plist; sourceTree = "<group>"; };
		69A5B6DF225D0CD000E20230 /* MenuItem.swift */ = {isa = PBXFileReference; lastKnownFileType = sourcecode.swift; path = MenuItem.swift; sourceTree = "<group>"; };
		69A5B6E1225D0F9800E20230 /* MenuItems.swift */ = {isa = PBXFileReference; lastKnownFileType = sourcecode.swift; path = MenuItems.swift; sourceTree = "<group>"; };
		69A5B6E3225D0FFC00E20230 /* Categories.swift */ = {isa = PBXFileReference; lastKnownFileType = sourcecode.swift; path = Categories.swift; sourceTree = "<group>"; };
		69A5B6E5225D119C00E20230 /* Order.swift */ = {isa = PBXFileReference; lastKnownFileType = sourcecode.swift; path = Order.swift; sourceTree = "<group>"; };
		69A5B6E7225D128E00E20230 /* PreparationTime.swift */ = {isa = PBXFileReference; lastKnownFileType = sourcecode.swift; path = PreparationTime.swift; sourceTree = "<group>"; };
		69A5B6E9225D138900E20230 /* MenuController.swift */ = {isa = PBXFileReference; lastKnownFileType = sourcecode.swift; path = MenuController.swift; sourceTree = "<group>"; };
		69CFB908226101E1006C9B08 /* CategoryTableViewController.swift */ = {isa = PBXFileReference; lastKnownFileType = sourcecode.swift; path = CategoryTableViewController.swift; sourceTree = "<group>"; };
		69CFB90B22610223006C9B08 /* MenuTableViewController.swift */ = {isa = PBXFileReference; lastKnownFileType = sourcecode.swift; path = MenuTableViewController.swift; sourceTree = "<group>"; };
		69CFB90D22610273006C9B08 /* MenuItemDetailViewController.swift */ = {isa = PBXFileReference; lastKnownFileType = sourcecode.swift; path = MenuItemDetailViewController.swift; sourceTree = "<group>"; };
/* End PBXFileReference section */

/* Begin PBXFrameworksBuildPhase section */
		69A5B6C2225D0B6900E20230 /* Frameworks */ = {
			isa = PBXFrameworksBuildPhase;
			buildActionMask = 2147483647;
			files = (
			);
			runOnlyForDeploymentPostprocessing = 0;
		};
/* End PBXFrameworksBuildPhase section */

/* Begin PBXGroup section */
		69A5B6BC225D0B6900E20230 = {
			isa = PBXGroup;
			children = (
				69A5B6C7225D0B6900E20230 /* Restaurant 2019.04 */,
				69A5B6C6225D0B6900E20230 /* Products */,
			);
			sourceTree = "<group>";
		};
		69A5B6C6225D0B6900E20230 /* Products */ = {
			isa = PBXGroup;
			children = (
				69A5B6C5225D0B6900E20230 /* Restaurant 2019.04.app */,
			);
			name = Products;
			sourceTree = "<group>";
		};
		69A5B6C7225D0B6900E20230 /* Restaurant 2019.04 */ = {
			isa = PBXGroup;
			children = (
				69A5B6DA225D0BCC00E20230 /* View Controllers */,
				69A5B6DB225D0BDA00E20230 /* Views */,
				69A5B6DC225D0BE400E20230 /* Model */,
				69A5B6DD225D0BEA00E20230 /* Other Controllers */,
				69A5B6DE225D0C1300E20230 /* Supporting Files */,
			);
			path = "Restaurant 2019.04";
			sourceTree = "<group>";
		};
		69A5B6DA225D0BCC00E20230 /* View Controllers */ = {
			isa = PBXGroup;
			children = (
				69CFB908226101E1006C9B08 /* CategoryTableViewController.swift */,
				69CFB90B22610223006C9B08 /* MenuTableViewController.swift */,
				69CFB90D22610273006C9B08 /* MenuItemDetailViewController.swift */,
				693FBB872266453300688730 /* OrderTableViewController.swift */,
				693FBB8B226654E600688730 /* OrderConfirmationViewController.swift */,
				69A5B6CA225D0B6900E20230 /* ViewController.swift */,
			);
			path = "View Controllers";
			sourceTree = "<group>";
		};
		69A5B6DB225D0BDA00E20230 /* Views */ = {
			isa = PBXGroup;
			children = (
				69A5B6CC225D0B6900E20230 /* Main.storyboard */,
				69A5B6D1225D0B6F00E20230 /* LaunchScreen.storyboard */,
			);
			path = Views;
			sourceTree = "<group>";
		};
		69A5B6DC225D0BE400E20230 /* Model */ = {
			isa = PBXGroup;
			children = (
				69A5B6E3225D0FFC00E20230 /* Categories.swift */,
				69A5B6DF225D0CD000E20230 /* MenuItem.swift */,
				69A5B6E1225D0F9800E20230 /* MenuItems.swift */,
				69A5B6E5225D119C00E20230 /* Order.swift */,
				69A5B6E7225D128E00E20230 /* PreparationTime.swift */,
			);
			path = Model;
			sourceTree = "<group>";
		};
		69A5B6DD225D0BEA00E20230 /* Other Controllers */ = {
			isa = PBXGroup;
			children = (
				693FBB89226647A400688730 /* CellManager.swift */,
				69A5B6E9225D138900E20230 /* MenuController.swift */,
			);
			path = "Other Controllers";
			sourceTree = "<group>";
		};
		69A5B6DE225D0C1300E20230 /* Supporting Files */ = {
			isa = PBXGroup;
			children = (
				69A5B6C8225D0B6900E20230 /* AppDelegate.swift */,
				69A5B6CF225D0B6F00E20230 /* Assets.xcassets */,
				69A5B6D4225D0B6F00E20230 /* Info.plist */,
			);
			path = "Supporting Files";
			sourceTree = "<group>";
		};
/* End PBXGroup section */

/* Begin PBXNativeTarget section */
		69A5B6C4225D0B6900E20230 /* Restaurant 2019.04 */ = {
			isa = PBXNativeTarget;
			buildConfigurationList = 69A5B6D7225D0B6F00E20230 /* Build configuration list for PBXNativeTarget "Restaurant 2019.04" */;
			buildPhases = (
				69A5B6C1225D0B6900E20230 /* Sources */,
				69A5B6C2225D0B6900E20230 /* Frameworks */,
				69A5B6C3225D0B6900E20230 /* Resources */,
			);
			buildRules = (
			);
			dependencies = (
			);
			name = "Restaurant 2019.04";
			productName = "Restaurant 2019.04";
			productReference = 69A5B6C5225D0B6900E20230 /* Restaurant 2019.04.app */;
			productType = "com.apple.product-type.application";
		};
/* End PBXNativeTarget section */

/* Begin PBXProject section */
		69A5B6BD225D0B6900E20230 /* Project object */ = {
			isa = PBXProject;
			attributes = {
				LastSwiftUpdateCheck = 1020;
				LastUpgradeCheck = 1020;
				ORGANIZATIONNAME = "Denis Bystruev";
				TargetAttributes = {
					69A5B6C4225D0B6900E20230 = {
						CreatedOnToolsVersion = 10.2;
					};
				};
			};
			buildConfigurationList = 69A5B6C0225D0B6900E20230 /* Build configuration list for PBXProject "Restaurant 2019.04" */;
			compatibilityVersion = "Xcode 9.3";
			developmentRegion = en;
			hasScannedForEncodings = 0;
			knownRegions = (
				en,
				Base,
			);
			mainGroup = 69A5B6BC225D0B6900E20230;
			productRefGroup = 69A5B6C6225D0B6900E20230 /* Products */;
			projectDirPath = "";
			projectRoot = "";
			targets = (
				69A5B6C4225D0B6900E20230 /* Restaurant 2019.04 */,
			);
		};
/* End PBXProject section */

/* Begin PBXResourcesBuildPhase section */
		69A5B6C3225D0B6900E20230 /* Resources */ = {
			isa = PBXResourcesBuildPhase;
			buildActionMask = 2147483647;
			files = (
				69A5B6D3225D0B6F00E20230 /* LaunchScreen.storyboard in Resources */,
				69A5B6D0225D0B6F00E20230 /* Assets.xcassets in Resources */,
				69A5B6CE225D0B6900E20230 /* Main.storyboard in Resources */,
			);
			runOnlyForDeploymentPostprocessing = 0;
		};
/* End PBXResourcesBuildPhase section */

/* Begin PBXSourcesBuildPhase section */
		69A5B6C1225D0B6900E20230 /* Sources */ = {
			isa = PBXSourcesBuildPhase;
			buildActionMask = 2147483647;
			files = (
				693FBB8A226647A400688730 /* CellManager.swift in Sources */,
				69A5B6EA225D138900E20230 /* MenuController.swift in Sources */,
				69A5B6E6225D119C00E20230 /* Order.swift in Sources */,
				69CFB90C22610223006C9B08 /* MenuTableViewController.swift in Sources */,
				693FBB8C226654E600688730 /* OrderConfirmationViewController.swift in Sources */,
				69A5B6E0225D0CD100E20230 /* MenuItem.swift in Sources */,
				693FBB882266453300688730 /* OrderTableViewController.swift in Sources */,
				69A5B6E2225D0F9800E20230 /* MenuItems.swift in Sources */,
				69A5B6E4225D0FFC00E20230 /* Categories.swift in Sources */,
				69CFB909226101E1006C9B08 /* CategoryTableViewController.swift in Sources */,
				69A5B6CB225D0B6900E20230 /* ViewController.swift in Sources */,
				69A5B6C9225D0B6900E20230 /* AppDelegate.swift in Sources */,
				69CFB90E22610273006C9B08 /* MenuItemDetailViewController.swift in Sources */,
				69A5B6E8225D128E00E20230 /* PreparationTime.swift in Sources */,
			);
			runOnlyForDeploymentPostprocessing = 0;
		};
/* End PBXSourcesBuildPhase section */

/* Begin PBXVariantGroup section */
		69A5B6CC225D0B6900E20230 /* Main.storyboard */ = {
			isa = PBXVariantGroup;
			children = (
				69A5B6CD225D0B6900E20230 /* Base */,
			);
			name = Main.storyboard;
			sourceTree = "<group>";
		};
		69A5B6D1225D0B6F00E20230 /* LaunchScreen.storyboard */ = {
			isa = PBXVariantGroup;
			children = (
				69A5B6D2225D0B6F00E20230 /* Base */,
			);
			name = LaunchScreen.storyboard;
			sourceTree = "<group>";
		};
/* End PBXVariantGroup section */

/* Begin XCBuildConfiguration section */
		69A5B6D5225D0B6F00E20230 /* Debug */ = {
			isa = XCBuildConfiguration;
			buildSettings = {
				ALWAYS_SEARCH_USER_PATHS = NO;
				CLANG_ANALYZER_NONNULL = YES;
				CLANG_ANALYZER_NUMBER_OBJECT_CONVERSION = YES_AGGRESSIVE;
				CLANG_CXX_LANGUAGE_STANDARD = "gnu++14";
				CLANG_CXX_LIBRARY = "libc++";
				CLANG_ENABLE_MODULES = YES;
				CLANG_ENABLE_OBJC_ARC = YES;
				CLANG_ENABLE_OBJC_WEAK = YES;
				CLANG_WARN_BLOCK_CAPTURE_AUTORELEASING = YES;
				CLANG_WARN_BOOL_CONVERSION = YES;
				CLANG_WARN_COMMA = YES;
				CLANG_WARN_CONSTANT_CONVERSION = YES;
				CLANG_WARN_DEPRECATED_OBJC_IMPLEMENTATIONS = YES;
				CLANG_WARN_DIRECT_OBJC_ISA_USAGE = YES_ERROR;
				CLANG_WARN_DOCUMENTATION_COMMENTS = YES;
				CLANG_WARN_EMPTY_BODY = YES;
				CLANG_WARN_ENUM_CONVERSION = YES;
				CLANG_WARN_INFINITE_RECURSION = YES;
				CLANG_WARN_INT_CONVERSION = YES;
				CLANG_WARN_NON_LITERAL_NULL_CONVERSION = YES;
				CLANG_WARN_OBJC_IMPLICIT_RETAIN_SELF = YES;
				CLANG_WARN_OBJC_LITERAL_CONVERSION = YES;
				CLANG_WARN_OBJC_ROOT_CLASS = YES_ERROR;
				CLANG_WARN_RANGE_LOOP_ANALYSIS = YES;
				CLANG_WARN_STRICT_PROTOTYPES = YES;
				CLANG_WARN_SUSPICIOUS_MOVE = YES;
				CLANG_WARN_UNGUARDED_AVAILABILITY = YES_AGGRESSIVE;
				CLANG_WARN_UNREACHABLE_CODE = YES;
				CLANG_WARN__DUPLICATE_METHOD_MATCH = YES;
				CODE_SIGN_IDENTITY = "iPhone Developer";
				COPY_PHASE_STRIP = NO;
				DEBUG_INFORMATION_FORMAT = dwarf;
				ENABLE_STRICT_OBJC_MSGSEND = YES;
				ENABLE_TESTABILITY = YES;
				GCC_C_LANGUAGE_STANDARD = gnu11;
				GCC_DYNAMIC_NO_PIC = NO;
				GCC_NO_COMMON_BLOCKS = YES;
				GCC_OPTIMIZATION_LEVEL = 0;
				GCC_PREPROCESSOR_DEFINITIONS = (
					"DEBUG=1",
					"$(inherited)",
				);
				GCC_WARN_64_TO_32_BIT_CONVERSION = YES;
				GCC_WARN_ABOUT_RETURN_TYPE = YES_ERROR;
				GCC_WARN_UNDECLARED_SELECTOR = YES;
				GCC_WARN_UNINITIALIZED_AUTOS = YES_AGGRESSIVE;
				GCC_WARN_UNUSED_FUNCTION = YES;
				GCC_WARN_UNUSED_VARIABLE = YES;
				IPHONEOS_DEPLOYMENT_TARGET = 12.2;
				MTL_ENABLE_DEBUG_INFO = INCLUDE_SOURCE;
				MTL_FAST_MATH = YES;
				ONLY_ACTIVE_ARCH = YES;
				SDKROOT = iphoneos;
				SWIFT_ACTIVE_COMPILATION_CONDITIONS = DEBUG;
				SWIFT_OPTIMIZATION_LEVEL = "-Onone";
			};
			name = Debug;
		};
		69A5B6D6225D0B6F00E20230 /* Release */ = {
			isa = XCBuildConfiguration;
			buildSettings = {
				ALWAYS_SEARCH_USER_PATHS = NO;
				CLANG_ANALYZER_NONNULL = YES;
				CLANG_ANALYZER_NUMBER_OBJECT_CONVERSION = YES_AGGRESSIVE;
				CLANG_CXX_LANGUAGE_STANDARD = "gnu++14";
				CLANG_CXX_LIBRARY = "libc++";
				CLANG_ENABLE_MODULES = YES;
				CLANG_ENABLE_OBJC_ARC = YES;
				CLANG_ENABLE_OBJC_WEAK = YES;
				CLANG_WARN_BLOCK_CAPTURE_AUTORELEASING = YES;
				CLANG_WARN_BOOL_CONVERSION = YES;
				CLANG_WARN_COMMA = YES;
				CLANG_WARN_CONSTANT_CONVERSION = YES;
				CLANG_WARN_DEPRECATED_OBJC_IMPLEMENTATIONS = YES;
				CLANG_WARN_DIRECT_OBJC_ISA_USAGE = YES_ERROR;
				CLANG_WARN_DOCUMENTATION_COMMENTS = YES;
				CLANG_WARN_EMPTY_BODY = YES;
				CLANG_WARN_ENUM_CONVERSION = YES;
				CLANG_WARN_INFINITE_RECURSION = YES;
				CLANG_WARN_INT_CONVERSION = YES;
				CLANG_WARN_NON_LITERAL_NULL_CONVERSION = YES;
				CLANG_WARN_OBJC_IMPLICIT_RETAIN_SELF = YES;
				CLANG_WARN_OBJC_LITERAL_CONVERSION = YES;
				CLANG_WARN_OBJC_ROOT_CLASS = YES_ERROR;
				CLANG_WARN_RANGE_LOOP_ANALYSIS = YES;
				CLANG_WARN_STRICT_PROTOTYPES = YES;
				CLANG_WARN_SUSPICIOUS_MOVE = YES;
				CLANG_WARN_UNGUARDED_AVAILABILITY = YES_AGGRESSIVE;
				CLANG_WARN_UNREACHABLE_CODE = YES;
				CLANG_WARN__DUPLICATE_METHOD_MATCH = YES;
				CODE_SIGN_IDENTITY = "iPhone Developer";
				COPY_PHASE_STRIP = NO;
				DEBUG_INFORMATION_FORMAT = "dwarf-with-dsym";
				ENABLE_NS_ASSERTIONS = NO;
				ENABLE_STRICT_OBJC_MSGSEND = YES;
				GCC_C_LANGUAGE_STANDARD = gnu11;
				GCC_NO_COMMON_BLOCKS = YES;
				GCC_WARN_64_TO_32_BIT_CONVERSION = YES;
				GCC_WARN_ABOUT_RETURN_TYPE = YES_ERROR;
				GCC_WARN_UNDECLARED_SELECTOR = YES;
				GCC_WARN_UNINITIALIZED_AUTOS = YES_AGGRESSIVE;
				GCC_WARN_UNUSED_FUNCTION = YES;
				GCC_WARN_UNUSED_VARIABLE = YES;
				IPHONEOS_DEPLOYMENT_TARGET = 12.2;
				MTL_ENABLE_DEBUG_INFO = NO;
				MTL_FAST_MATH = YES;
				SDKROOT = iphoneos;
				SWIFT_COMPILATION_MODE = wholemodule;
				SWIFT_OPTIMIZATION_LEVEL = "-O";
				VALIDATE_PRODUCT = YES;
			};
			name = Release;
		};
		69A5B6D8225D0B6F00E20230 /* Debug */ = {
			isa = XCBuildConfiguration;
			buildSettings = {
				ASSETCATALOG_COMPILER_APPICON_NAME = AppIcon;
				CODE_SIGN_STYLE = Automatic;
				DEVELOPMENT_TEAM = 8J39KF9DMS;
				INFOPLIST_FILE = "$(SRCROOT)/Restaurant 2019.04/Supporting Files/Info.plist";
				LD_RUNPATH_SEARCH_PATHS = (
					"$(inherited)",
					"@executable_path/Frameworks",
				);
				PRODUCT_BUNDLE_IDENTIFIER = "ru.learnSwift.Restaurant-2019-04";
				PRODUCT_NAME = "$(TARGET_NAME)";
				SWIFT_VERSION = 5.0;
				TARGETED_DEVICE_FAMILY = "1,2";
			};
			name = Debug;
		};
		69A5B6D9225D0B6F00E20230 /* Release */ = {
			isa = XCBuildConfiguration;
			buildSettings = {
				ASSETCATALOG_COMPILER_APPICON_NAME = AppIcon;
				CODE_SIGN_STYLE = Automatic;
				DEVELOPMENT_TEAM = 8J39KF9DMS;
				INFOPLIST_FILE = "$(SRCROOT)/Restaurant 2019.04/Supporting Files/Info.plist";
				LD_RUNPATH_SEARCH_PATHS = (
					"$(inherited)",
					"@executable_path/Frameworks",
				);
				PRODUCT_BUNDLE_IDENTIFIER = "ru.learnSwift.Restaurant-2019-04";
				PRODUCT_NAME = "$(TARGET_NAME)";
				SWIFT_VERSION = 5.0;
				TARGETED_DEVICE_FAMILY = "1,2";
			};
			name = Release;
		};
/* End XCBuildConfiguration section */

/* Begin XCConfigurationList section */
		69A5B6C0225D0B6900E20230 /* Build configuration list for PBXProject "Restaurant 2019.04" */ = {
			isa = XCConfigurationList;
			buildConfigurations = (
				69A5B6D5225D0B6F00E20230 /* Debug */,
				69A5B6D6225D0B6F00E20230 /* Release */,
			);
			defaultConfigurationIsVisible = 0;
			defaultConfigurationName = Release;
		};
		69A5B6D7225D0B6F00E20230 /* Build configuration list for PBXNativeTarget "Restaurant 2019.04" */ = {
			isa = XCConfigurationList;
			buildConfigurations = (
				69A5B6D8225D0B6F00E20230 /* Debug */,
				69A5B6D9225D0B6F00E20230 /* Release */,
			);
			defaultConfigurationIsVisible = 0;
			defaultConfigurationName = Release;
		};
/* End XCConfigurationList section */
	};
	rootObject = 69A5B6BD225D0B6900E20230 /* Project object */;
}
